{
  "version": 4,
  "terraform_version": "0.14.0",
  "serial": 8,
  "lineage": "4ab42bb5-495c-c593-2625-a5c1aaa6a25c",
  "outputs": {},
  "resources": [
    {
      "mode": "managed",
      "type": "google_compute_network",
      "name": "vpc_network",
      "provider": "provider[\"registry.terraform.io/hashicorp/google\"]",
      "instances": [
        {
          "schema_version": 0,
          "attributes": {
            "auto_create_subnetworks": false,
            "delete_default_routes_on_create": false,
            "description": "",
            "gateway_ipv4": "",
            "id": "projects/cncf-280014/global/networks/k8s-network",
            "mtu": 0,
            "name": "k8s-network",
            "project": "cncf-280014",
            "routing_mode": "GLOBAL",
            "self_link": "https://www.googleapis.com/compute/v1/projects/cncf-280014/global/networks/k8s-network",
            "timeouts": null
          },
          "sensitive_attributes": [],
          "private": "eyJlMmJmYjczMC1lY2FhLTExZTYtOGY4OC0zNDM2M2JjN2M0YzAiOnsiY3JlYXRlIjoyNDAwMDAwMDAwMDAsImRlbGV0ZSI6MjQwMDAwMDAwMDAwLCJ1cGRhdGUiOjI0MDAwMDAwMDAwMH19"
        }
      ]
    },
    {
      "mode": "managed",
      "type": "google_compute_subnetwork",
      "name": "private_subnet1a",
      "provider": "provider[\"registry.terraform.io/hashicorp/google\"]",
      "instances": [
        {
          "schema_version": 0,
          "attributes": {
            "creation_timestamp": "2020-12-04T15:07:17.519-08:00",
            "description": "",
            "fingerprint": null,
            "gateway_address": "10.26.3.1",
            "id": "projects/cncf-280014/regions/us-central1/subnetworks/private-subnet-us-central1a",
            "ip_cidr_range": "10.26.3.0/24",
            "log_config": [],
            "name": "private-subnet-us-central1a",
            "network": "https://www.googleapis.com/compute/v1/projects/cncf-280014/global/networks/k8s-network",
            "private_ip_google_access": false,
            "private_ipv6_google_access": "DISABLE_GOOGLE_ACCESS",
            "project": "cncf-280014",
            "region": "us-central1",
            "secondary_ip_range": [],
            "self_link": "https://www.googleapis.com/compute/v1/projects/cncf-280014/regions/us-central1/subnetworks/private-subnet-us-central1a",
            "timeouts": null
          },
          "sensitive_attributes": [],
          "private": "eyJlMmJmYjczMC1lY2FhLTExZTYtOGY4OC0zNDM2M2JjN2M0YzAiOnsiY3JlYXRlIjozNjAwMDAwMDAwMDAsImRlbGV0ZSI6MzYwMDAwMDAwMDAwLCJ1cGRhdGUiOjM2MDAwMDAwMDAwMH19",
          "dependencies": [
            "google_compute_network.vpc_network"
          ]
        }
      ]
    },
    {
      "mode": "managed",
      "type": "google_compute_subnetwork",
      "name": "private_subnet1b",
      "provider": "provider[\"registry.terraform.io/hashicorp/google\"]",
      "instances": [
        {
          "schema_version": 0,
          "attributes": {
            "creation_timestamp": "2020-12-04T15:07:17.512-08:00",
            "description": "",
            "fingerprint": null,
            "gateway_address": "10.26.4.1",
            "id": "projects/cncf-280014/regions/us-central1/subnetworks/private-subnet-us-central1b",
            "ip_cidr_range": "10.26.4.0/24",
            "log_config": [],
            "name": "private-subnet-us-central1b",
            "network": "https://www.googleapis.com/compute/v1/projects/cncf-280014/global/networks/k8s-network",
            "private_ip_google_access": false,
            "private_ipv6_google_access": "DISABLE_GOOGLE_ACCESS",
            "project": "cncf-280014",
            "region": "us-central1",
            "secondary_ip_range": [],
            "self_link": "https://www.googleapis.com/compute/v1/projects/cncf-280014/regions/us-central1/subnetworks/private-subnet-us-central1b",
            "timeouts": null
          },
          "sensitive_attributes": [],
          "private": "eyJlMmJmYjczMC1lY2FhLTExZTYtOGY4OC0zNDM2M2JjN2M0YzAiOnsiY3JlYXRlIjozNjAwMDAwMDAwMDAsImRlbGV0ZSI6MzYwMDAwMDAwMDAwLCJ1cGRhdGUiOjM2MDAwMDAwMDAwMH19",
          "dependencies": [
            "google_compute_network.vpc_network"
          ]
        }
      ]
    },
    {
      "mode": "managed",
      "type": "google_compute_subnetwork",
      "name": "public_subnet1a",
      "provider": "provider[\"registry.terraform.io/hashicorp/google\"]",
      "instances": [
        {
          "schema_version": 0,
          "attributes": {
            "creation_timestamp": "2020-12-04T15:07:17.372-08:00",
            "description": "",
            "fingerprint": null,
            "gateway_address": "10.26.1.1",
            "id": "projects/cncf-280014/regions/us-central1/subnetworks/public-subnet-us-central1a",
            "ip_cidr_range": "10.26.1.0/24",
            "log_config": [],
            "name": "public-subnet-us-central1a",
            "network": "https://www.googleapis.com/compute/v1/projects/cncf-280014/global/networks/k8s-network",
            "private_ip_google_access": false,
            "private_ipv6_google_access": "DISABLE_GOOGLE_ACCESS",
            "project": "cncf-280014",
            "region": "us-central1",
            "secondary_ip_range": [],
            "self_link": "https://www.googleapis.com/compute/v1/projects/cncf-280014/regions/us-central1/subnetworks/public-subnet-us-central1a",
            "timeouts": null
          },
          "sensitive_attributes": [],
          "private": "eyJlMmJmYjczMC1lY2FhLTExZTYtOGY4OC0zNDM2M2JjN2M0YzAiOnsiY3JlYXRlIjozNjAwMDAwMDAwMDAsImRlbGV0ZSI6MzYwMDAwMDAwMDAwLCJ1cGRhdGUiOjM2MDAwMDAwMDAwMH19",
          "dependencies": [
            "google_compute_network.vpc_network"
          ]
        }
      ]
    },
    {
      "mode": "managed",
      "type": "google_compute_subnetwork",
      "name": "public_subnet1b",
      "provider": "provider[\"registry.terraform.io/hashicorp/google\"]",
      "instances": [
        {
          "schema_version": 0,
          "attributes": {
            "creation_timestamp": "2020-12-04T15:07:16.341-08:00",
            "description": "",
            "fingerprint": null,
            "gateway_address": "10.26.2.1",
            "id": "projects/cncf-280014/regions/us-central1/subnetworks/public-subnet-us-central1b",
            "ip_cidr_range": "10.26.2.0/24",
            "log_config": [],
            "name": "public-subnet-us-central1b",
            "network": "https://www.googleapis.com/compute/v1/projects/cncf-280014/global/networks/k8s-network",
            "private_ip_google_access": false,
            "private_ipv6_google_access": "DISABLE_GOOGLE_ACCESS",
            "project": "cncf-280014",
            "region": "us-central1",
            "secondary_ip_range": [],
            "self_link": "https://www.googleapis.com/compute/v1/projects/cncf-280014/regions/us-central1/subnetworks/public-subnet-us-central1b",
            "timeouts": null
          },
          "sensitive_attributes": [],
          "private": "eyJlMmJmYjczMC1lY2FhLTExZTYtOGY4OC0zNDM2M2JjN2M0YzAiOnsiY3JlYXRlIjozNjAwMDAwMDAwMDAsImRlbGV0ZSI6MzYwMDAwMDAwMDAwLCJ1cGRhdGUiOjM2MDAwMDAwMDAwMH19",
          "dependencies": [
            "google_compute_network.vpc_network"
          ]
        }
      ]
    }
  ]
}
